# THIS IS AN AUTOGENERATED FILE. DO NOT EDIT THIS FILE DIRECTLY.
# yarn lockfile v1


"@types/node@^13.13.1":
  version "13.13.9"
  resolved "https://registry.yarnpkg.com/@types/node/-/node-13.13.9.tgz#79df4ae965fb76d31943b54a6419599307a21394"
  integrity sha512-EPZBIGed5gNnfWCiwEIwTE2Jdg4813odnG8iNPMQGrqVxrI+wL68SPtPeCX+ZxGBaA6pKAVc6jaKgP/Q0QzfdQ==

animated-scroll-to@^2.0.8:
  version "2.0.8"
  resolved "https://registry.yarnpkg.com/animated-scroll-to/-/animated-scroll-to-2.0.8.tgz#9e1a0c33e03869a0496249360eeb40b1f82e9904"
  integrity sha512-7/q9Fc8X3v4FHcQI9/yweaBcx7fy9Rw5SVoVOTU2478x/xMHIvyHZ/hPCOIiGUpk8N9Q72ys7xyOp/JAUaBQYA==
  dependencies:
    "@types/node" "^13.13.1"
