# THIS IS AN AUTOGENERATED FILE. DO NOT EDIT THIS FILE DIRECTLY.
# yarn lockfile v1


animated-scroll-to@^1.2.2:
  version "1.2.2"
  resolved "https://registry.yarnpkg.com/animated-scroll-to/-/animated-scroll-to-1.2.2.tgz#d6688e72f3ecec1a296fc2b36fe29290e7fff694"
  integrity sha512-16ipIWWKvRGAeTfgiqTdXDBLPU0fCIq5sGDMQSdQnIjkxgm3pHzzUZiJ+rT/3xVbOXpTTN72vf2C4y9vepDBHA==

lodash.defaultsdeep@^4.6.0:
  version "4.6.1"
  resolved "https://registry.yarnpkg.com/lodash.defaultsdeep/-/lodash.defaultsdeep-4.6.1.tgz#512e9bd721d272d94e3d3a63653fa17516741ca6"
  integrity sha512-3j8wdDzYuWO3lM3Reg03MuQR957t287Rpcxp1njpEa8oDrikb+FwGdW3n+FELh/A6qib6yPit0j/pv9G/yeAqA==
